{
    "version": 3,
    "terraform_version": "0.11.10",
    "serial": 27,
    "lineage": "863e2b93-9f8c-ea2e-aeb0-ca0036af7df3",
    "modules": [
        {
            "path": [
                "root"
            ],
            "outputs": {
                "elb_dns_name": {
                    "sensitive": false,
                    "type": "string",
                    "value": "terraform-elb-1107156998.us-east-1.elb.amazonaws.com"
                },
                "elb_dns_zone_id": {
                    "sensitive": false,
                    "type": "string",
                    "value": "Z35SXDOTRQ7X7K"
                }
            },
            "resources": {
                "aws_autoscaling_group.agterrafrom": {
                    "type": "aws_autoscaling_group",
                    "depends_on": [
                        "aws_elb.elbterraform",
                        "aws_launch_configuration.lcterraform",
                        "data.aws_availability_zones.all"
                    ],
                    "primary": {
                        "id": "tf-asg-20190117023141284800000002",
                        "attributes": {
                            "arn": "arn:aws:autoscaling:us-east-1:855795182277:autoScalingGroup:c54463fd-25c6-4d7b-a666-f080d85671be:autoScalingGroupName/tf-asg-20190117023141284800000002",
                            "availability_zones.#": "6",
                            "availability_zones.1252502072": "us-east-1f",
                            "availability_zones.1305112097": "us-east-1b",
                            "availability_zones.2762590996": "us-east-1d",
                            "availability_zones.3551460226": "us-east-1e",
                            "availability_zones.3569565595": "us-east-1a",
                            "availability_zones.986537655": "us-east-1c",
                            "default_cooldown": "300",
                            "desired_capacity": "2",
                            "enabled_metrics.#": "0",
                            "force_delete": "false",
                            "health_check_grace_period": "300",
                            "health_check_type": "ELB",
                            "id": "tf-asg-20190117023141284800000002",
                            "launch_configuration": "terraform-20190117023137465000000001",
                            "launch_template.#": "0",
                            "load_balancers.#": "1",
                            "load_balancers.3768627209": "terraform-elb",
                            "max_size": "3",
                            "metrics_granularity": "1Minute",
                            "min_size": "2",
                            "mixed_instances_policy.#": "0",
                            "name": "tf-asg-20190117023141284800000002",
                            "placement_group": "",
                            "protect_from_scale_in": "false",
                            "service_linked_role_arn": "arn:aws:iam::855795182277:role/aws-service-role/autoscaling.amazonaws.com/AWSServiceRoleForAutoScaling",
                            "suspended_processes.#": "0",
                            "tag.#": "1",
                            "tag.1644766567.key": "Name",
                            "tag.1644766567.propagate_at_launch": "true",
                            "tag.1644766567.value": "terraformautoscaling",
                            "target_group_arns.#": "0",
                            "termination_policies.#": "0",
                            "vpc_zone_identifier.#": "0",
                            "wait_for_capacity_timeout": "10m"
                        },
                        "meta": {
                            "e2bfb730-ecaa-11e6-8f88-34363bc7c4c0": {
                                "delete": 600000000000
                            }
                        },
                        "tainted": false
                    },
                    "deposed": [],
                    "provider": "provider.aws"
                },
                "aws_elb.elbterraform": {
                    "type": "aws_elb",
                    "depends_on": [
                        "aws_security_group.sgelbterraform",
                        "data.aws_availability_zones.all"
                    ],
                    "primary": {
                        "id": "terraform-elb",
                        "attributes": {
                            "access_logs.#": "0",
                            "arn": "arn:aws:elasticloadbalancing:us-east-1:855795182277:loadbalancer/terraform-elb",
                            "availability_zones.#": "6",
                            "availability_zones.1252502072": "us-east-1f",
                            "availability_zones.1305112097": "us-east-1b",
                            "availability_zones.2762590996": "us-east-1d",
                            "availability_zones.3551460226": "us-east-1e",
                            "availability_zones.3569565595": "us-east-1a",
                            "availability_zones.986537655": "us-east-1c",
                            "connection_draining": "false",
                            "connection_draining_timeout": "300",
                            "cross_zone_load_balancing": "true",
                            "dns_name": "terraform-elb-1107156998.us-east-1.elb.amazonaws.com",
                            "health_check.#": "1",
                            "health_check.0.healthy_threshold": "2",
                            "health_check.0.interval": "30",
                            "health_check.0.target": "HTTPS:443/index.html",
                            "health_check.0.timeout": "3",
                            "health_check.0.unhealthy_threshold": "10",
                            "id": "terraform-elb",
                            "idle_timeout": "60",
                            "instances.#": "0",
                            "internal": "false",
                            "listener.#": "2",
                            "listener.3057123346.instance_port": "80",
                            "listener.3057123346.instance_protocol": "http",
                            "listener.3057123346.lb_port": "80",
                            "listener.3057123346.lb_protocol": "http",
                            "listener.3057123346.ssl_certificate_id": "",
                            "listener.3103852111.instance_port": "443",
                            "listener.3103852111.instance_protocol": "https",
                            "listener.3103852111.lb_port": "443",
                            "listener.3103852111.lb_protocol": "https",
                            "listener.3103852111.ssl_certificate_id": "arn:aws:acm:us-east-1:855795182277:certificate/1fe1ebee-f86d-46a7-af37-b22b2857ddaa",
                            "name": "terraform-elb",
                            "security_groups.#": "1",
                            "security_groups.94525209": "sg-0eef1265ba1b61a1a",
                            "source_security_group": "855795182277/terraform-sg-elb",
                            "source_security_group_id": "sg-0eef1265ba1b61a1a",
                            "subnets.#": "6",
                            "subnets.1821764344": "subnet-0f294853",
                            "subnets.2187672434": "subnet-895763c3",
                            "subnets.2668485448": "subnet-36af0708",
                            "subnets.2937109090": "subnet-3a305314",
                            "subnets.727042769": "subnet-6e1e4061",
                            "subnets.781789440": "subnet-2bd7b24c",
                            "tags.%": "0",
                            "zone_id": "Z35SXDOTRQ7X7K"
                        },
                        "meta": {},
                        "tainted": false
                    },
                    "deposed": [],
                    "provider": "provider.aws"
                },
                "aws_launch_configuration.lcterraform": {
                    "type": "aws_launch_configuration",
                    "depends_on": [
                        "aws_security_group.sgterraform"
                    ],
                    "primary": {
                        "id": "terraform-20190117023137465000000001",
                        "attributes": {
                            "associate_public_ip_address": "false",
                            "ebs_block_device.#": "0",
                            "ebs_optimized": "false",
                            "enable_monitoring": "true",
                            "ephemeral_block_device.#": "0",
                            "iam_instance_profile": "",
                            "id": "terraform-20190117023137465000000001",
                            "image_id": "ami-01e3b8c3a51e88954",
                            "instance_type": "t2.micro",
                            "key_name": "test",
                            "name": "terraform-20190117023137465000000001",
                            "root_block_device.#": "1",
                            "root_block_device.0.delete_on_termination": "true",
                            "root_block_device.0.iops": "0",
                            "root_block_device.0.volume_size": "8",
                            "root_block_device.0.volume_type": "gp2",
                            "security_groups.#": "1",
                            "security_groups.3647880412": "sg-09822d397277fb3a8",
                            "spot_price": "",
                            "user_data": "c857adf87f9f1eb88c9a7354343a630c44e6a73f",
                            "vpc_classic_link_id": "",
                            "vpc_classic_link_security_groups.#": "0"
                        },
                        "meta": {},
                        "tainted": false
                    },
                    "deposed": [],
                    "provider": "provider.aws"
                },
                "aws_security_group.sgelbterraform": {
                    "type": "aws_security_group",
                    "depends_on": [],
                    "primary": {
                        "id": "sg-0eef1265ba1b61a1a",
                        "attributes": {
                            "arn": "arn:aws:ec2:us-east-1:855795182277:security-group/sg-0eef1265ba1b61a1a",
                            "description": "Managed by Terraform",
                            "egress.#": "1",
                            "egress.482069346.cidr_blocks.#": "1",
                            "egress.482069346.cidr_blocks.0": "0.0.0.0/0",
                            "egress.482069346.description": "",
                            "egress.482069346.from_port": "0",
                            "egress.482069346.ipv6_cidr_blocks.#": "0",
                            "egress.482069346.prefix_list_ids.#": "0",
                            "egress.482069346.protocol": "-1",
                            "egress.482069346.security_groups.#": "0",
                            "egress.482069346.self": "false",
                            "egress.482069346.to_port": "0",
                            "id": "sg-0eef1265ba1b61a1a",
                            "ingress.#": "2",
                            "ingress.2214680975.cidr_blocks.#": "1",
                            "ingress.2214680975.cidr_blocks.0": "0.0.0.0/0",
                            "ingress.2214680975.description": "",
                            "ingress.2214680975.from_port": "80",
                            "ingress.2214680975.ipv6_cidr_blocks.#": "0",
                            "ingress.2214680975.prefix_list_ids.#": "0",
                            "ingress.2214680975.protocol": "tcp",
                            "ingress.2214680975.security_groups.#": "0",
                            "ingress.2214680975.self": "false",
                            "ingress.2214680975.to_port": "80",
                            "ingress.2617001939.cidr_blocks.#": "1",
                            "ingress.2617001939.cidr_blocks.0": "0.0.0.0/0",
                            "ingress.2617001939.description": "",
                            "ingress.2617001939.from_port": "443",
                            "ingress.2617001939.ipv6_cidr_blocks.#": "0",
                            "ingress.2617001939.prefix_list_ids.#": "0",
                            "ingress.2617001939.protocol": "tcp",
                            "ingress.2617001939.security_groups.#": "0",
                            "ingress.2617001939.self": "false",
                            "ingress.2617001939.to_port": "443",
                            "name": "terraform-sg-elb",
                            "owner_id": "855795182277",
                            "revoke_rules_on_delete": "false",
                            "tags.%": "0",
                            "vpc_id": "vpc-175aeb6d"
                        },
                        "meta": {
                            "e2bfb730-ecaa-11e6-8f88-34363bc7c4c0": {
                                "create": 600000000000,
                                "delete": 600000000000
                            },
                            "schema_version": "1"
                        },
                        "tainted": false
                    },
                    "deposed": [],
                    "provider": "provider.aws"
                },
                "aws_security_group.sgterraform": {
                    "type": "aws_security_group",
                    "depends_on": [],
                    "primary": {
                        "id": "sg-09822d397277fb3a8",
                        "attributes": {
                            "arn": "arn:aws:ec2:us-east-1:855795182277:security-group/sg-09822d397277fb3a8",
                            "description": "Managed by Terraform",
                            "egress.#": "1",
                            "egress.1420183571.cidr_blocks.#": "1",
                            "egress.1420183571.cidr_blocks.0": "0.0.0.0/0",
                            "egress.1420183571.description": "",
                            "egress.1420183571.from_port": "0",
                            "egress.1420183571.ipv6_cidr_blocks.#": "0",
                            "egress.1420183571.prefix_list_ids.#": "0",
                            "egress.1420183571.protocol": "tcp",
                            "egress.1420183571.security_groups.#": "0",
                            "egress.1420183571.self": "false",
                            "egress.1420183571.to_port": "1000",
                            "id": "sg-09822d397277fb3a8",
                            "ingress.#": "3",
                            "ingress.2214680975.cidr_blocks.#": "1",
                            "ingress.2214680975.cidr_blocks.0": "0.0.0.0/0",
                            "ingress.2214680975.description": "",
                            "ingress.2214680975.from_port": "80",
                            "ingress.2214680975.ipv6_cidr_blocks.#": "0",
                            "ingress.2214680975.prefix_list_ids.#": "0",
                            "ingress.2214680975.protocol": "tcp",
                            "ingress.2214680975.security_groups.#": "0",
                            "ingress.2214680975.self": "false",
                            "ingress.2214680975.to_port": "80",
                            "ingress.2541437006.cidr_blocks.#": "1",
                            "ingress.2541437006.cidr_blocks.0": "0.0.0.0/0",
                            "ingress.2541437006.description": "",
                            "ingress.2541437006.from_port": "22",
                            "ingress.2541437006.ipv6_cidr_blocks.#": "0",
                            "ingress.2541437006.prefix_list_ids.#": "0",
                            "ingress.2541437006.protocol": "tcp",
                            "ingress.2541437006.security_groups.#": "0",
                            "ingress.2541437006.self": "false",
                            "ingress.2541437006.to_port": "22",
                            "ingress.2617001939.cidr_blocks.#": "1",
                            "ingress.2617001939.cidr_blocks.0": "0.0.0.0/0",
                            "ingress.2617001939.description": "",
                            "ingress.2617001939.from_port": "443",
                            "ingress.2617001939.ipv6_cidr_blocks.#": "0",
                            "ingress.2617001939.prefix_list_ids.#": "0",
                            "ingress.2617001939.protocol": "tcp",
                            "ingress.2617001939.security_groups.#": "0",
                            "ingress.2617001939.self": "false",
                            "ingress.2617001939.to_port": "443",
                            "name": "tfrm-sg-clstr",
                            "owner_id": "855795182277",
                            "revoke_rules_on_delete": "false",
                            "tags.%": "0",
                            "vpc_id": "vpc-175aeb6d"
                        },
                        "meta": {
                            "e2bfb730-ecaa-11e6-8f88-34363bc7c4c0": {
                                "create": 600000000000,
                                "delete": 600000000000
                            },
                            "schema_version": "1"
                        },
                        "tainted": false
                    },
                    "deposed": [],
                    "provider": "provider.aws"
                },
                "data.aws_availability_zones.all": {
                    "type": "aws_availability_zones",
                    "depends_on": [],
                    "primary": {
                        "id": "2019-01-17 02:31:30.641257 +0000 UTC",
                        "attributes": {
                            "id": "2019-01-17 02:31:30.641257 +0000 UTC",
                            "names.#": "6",
                            "names.0": "us-east-1a",
                            "names.1": "us-east-1b",
                            "names.2": "us-east-1c",
                            "names.3": "us-east-1d",
                            "names.4": "us-east-1e",
                            "names.5": "us-east-1f",
                            "zone_ids.#": "6",
                            "zone_ids.0": "use1-az1",
                            "zone_ids.1": "use1-az2",
                            "zone_ids.2": "use1-az4",
                            "zone_ids.3": "use1-az6",
                            "zone_ids.4": "use1-az3",
                            "zone_ids.5": "use1-az5"
                        },
                        "meta": {},
                        "tainted": false
                    },
                    "deposed": [],
                    "provider": "provider.aws"
                }
            },
            "depends_on": []
        }
    ]
}
